{
  "name": "fptstest",
  "version": "1.0.0",
  "lockfileVersion": 1,
  "requires": true,
  "dependencies": {
    "fp-ts": {
      "version": "2.7.0",
      "resolved": "https://registry.npmjs.org/fp-ts/-/fp-ts-2.7.0.tgz",
      "integrity": "sha512-J7EIg4MEVuOm1vZspQDVYRD/CTsQECQk01cP5VEBvQ5LnSSjp6sckun1m1eUPSuvtMIlGgm9NqqOxE0+QyntWQ=="
    },
    "typescript": {
      "version": "3.9.6",
      "resolved": "https://registry.npmjs.org/typescript/-/typescript-3.9.6.tgz",
      "integrity": "sha512-Pspx3oKAPJtjNwE92YS05HQoY7z2SFyOpHo9MqJor3BXAGNaPUs83CuVp9VISFkSjyRfiTpmKuAYGJB7S7hOxw==",
      "dev": true
    }
  }
}
